// !$*UTF8*$!
{
	archiveVersion = 1;
	classes = {
	};
	objectVersion = 50;
	objects = {

/* Begin PBXBuildFile section */
		EDF4962E2289CCC100EC3AFF /* AppDelegate.m in Sources */ = {isa = PBXBuildFile; fileRef = EDF4962D2289CCC100EC3AFF /* AppDelegate.m */; };
		EDF496312289CCC100EC3AFF /* ViewController.m in Sources */ = {isa = PBXBuildFile; fileRef = EDF496302289CCC100EC3AFF /* ViewController.m */; };
		EDF496342289CCC100EC3AFF /* Main.storyboard in Resources */ = {isa = PBXBuildFile; fileRef = EDF496322289CCC100EC3AFF /* Main.storyboard */; };
		EDF496362289CCC200EC3AFF /* Assets.xcassets in Resources */ = {isa = PBXBuildFile; fileRef = EDF496352289CCC200EC3AFF /* Assets.xcassets */; };
		EDF496392289CCC200EC3AFF /* LaunchScreen.storyboard in Resources */ = {isa = PBXBuildFile; fileRef = EDF496372289CCC200EC3AFF /* LaunchScreen.storyboard */; };
		EDF4963C2289CCC200EC3AFF /* main.m in Sources */ = {isa = PBXBuildFile; fileRef = EDF4963B2289CCC200EC3AFF /* main.m */; };
/* End PBXBuildFile section */

/* Begin PBXFileReference section */
		EDF496292289CCC100EC3AFF /* ScrollViewImageGalleries.app */ = {isa = PBXFileReference; explicitFileType = wrapper.application; includeInIndex = 0; path = ScrollViewImageGalleries.app; sourceTree = BUILT_PRODUCTS_DIR; };
		EDF4962C2289CCC100EC3AFF /* AppDelegate.h */ = {isa = PBXFileReference; lastKnownFileType = sourcecode.c.h; path = AppDelegate.h; sourceTree = "<group>"; };
		EDF4962D2289CCC100EC3AFF /* AppDelegate.m */ = {isa = PBXFileReference; lastKnownFileType = sourcecode.c.objc; path = AppDelegate.m; sourceTree = "<group>"; };
		EDF4962F2289CCC100EC3AFF /* ViewController.h */ = {isa = PBXFileReference; lastKnownFileType = sourcecode.c.h; path = ViewController.h; sourceTree = "<group>"; };
		EDF496302289CCC100EC3AFF /* ViewController.m */ = {isa = PBXFileReference; lastKnownFileType = sourcecode.c.objc; path = ViewController.m; sourceTree = "<group>"; };
		EDF496332289CCC100EC3AFF /* Base */ = {isa = PBXFileReference; lastKnownFileType = file.storyboard; name = Base; path = Base.lproj/Main.storyboard; sourceTree = "<group>"; };
		EDF496352289CCC200EC3AFF /* Assets.xcassets */ = {isa = PBXFileReference; lastKnownFileType = folder.assetcatalog; path = Assets.xcassets; sourceTree = "<group>"; };
		EDF496382289CCC200EC3AFF /* Base */ = {isa = PBXFileReference; lastKnownFileType = file.storyboard; name = Base; path = Base.lproj/LaunchScreen.storyboard; sourceTree = "<group>"; };
		EDF4963A2289CCC200EC3AFF /* Info.plist */ = {isa = PBXFileReference; lastKnownFileType = text.plist.xml; path = Info.plist; sourceTree = "<group>"; };
		EDF4963B2289CCC200EC3AFF /* main.m */ = {isa = PBXFileReference; lastKnownFileType = sourcecode.c.objc; path = main.m; sourceTree = "<group>"; };
/* End PBXFileReference section */

/* Begin PBXFrameworksBuildPhase section */
		EDF496262289CCC100EC3AFF /* Frameworks */ = {
			isa = PBXFrameworksBuildPhase;
			buildActionMask = 2147483647;
			files = (
			);
			runOnlyForDeploymentPostprocessing = 0;
		};
/* End PBXFrameworksBuildPhase section */

/* Begin PBXGroup section */
		EDF496202289CCC100EC3AFF = {
			isa = PBXGroup;
			children = (
				EDF4962B2289CCC100EC3AFF /* ScrollViewImageGalleries */,
				EDF4962A2289CCC100EC3AFF /* Products */,
			);
			sourceTree = "<group>";
		};
		EDF4962A2289CCC100EC3AFF /* Products */ = {
			isa = PBXGroup;
			children = (
				EDF496292289CCC100EC3AFF /* ScrollViewImageGalleries.app */,
			);
			name = Products;
			sourceTree = "<group>";
		};
		EDF4962B2289CCC100EC3AFF /* ScrollViewImageGalleries */ = {
			isa = PBXGroup;
			children = (
				EDF4962C2289CCC100EC3AFF /* AppDelegate.h */,
				EDF4962D2289CCC100EC3AFF /* AppDelegate.m */,
				EDF4962F2289CCC100EC3AFF /* ViewController.h */,
				EDF496302289CCC100EC3AFF /* ViewController.m */,
				EDF496322289CCC100EC3AFF /* Main.storyboard */,
				EDF496352289CCC200EC3AFF /* Assets.xcassets */,
				EDF496372289CCC200EC3AFF /* LaunchScreen.storyboard */,
				EDF4963A2289CCC200EC3AFF /* Info.plist */,
				EDF4963B2289CCC200EC3AFF /* main.m */,
			);
			path = ScrollViewImageGalleries;
			sourceTree = "<group>";
		};
/* End PBXGroup section */

/* Begin PBXNativeTarget section */
		EDF496282289CCC100EC3AFF /* ScrollViewImageGalleries */ = {
			isa = PBXNativeTarget;
			buildConfigurationList = EDF4963F2289CCC200EC3AFF /* Build configuration list for PBXNativeTarget "ScrollViewImageGalleries" */;
			buildPhases = (
				EDF496252289CCC100EC3AFF /* Sources */,
				EDF496262289CCC100EC3AFF /* Frameworks */,
				EDF496272289CCC100EC3AFF /* Resources */,
			);
			buildRules = (
			);
			dependencies = (
			);
			name = ScrollViewImageGalleries;
			productName = ScrollViewImageGalleries;
			productReference = EDF496292289CCC100EC3AFF /* ScrollViewImageGalleries.app */;
			productType = "com.apple.product-type.application";
		};
/* End PBXNativeTarget section */

/* Begin PBXProject section */
		EDF496212289CCC100EC3AFF /* Project object */ = {
			isa = PBXProject;
			attributes = {
				LastUpgradeCheck = 1020;
				ORGANIZATIONNAME = "Dayson Dong";
				TargetAttributes = {
					EDF496282289CCC100EC3AFF = {
						CreatedOnToolsVersion = 10.2.1;
					};
				};
			};
			buildConfigurationList = EDF496242289CCC100EC3AFF /* Build configuration list for PBXProject "ScrollViewImageGalleries" */;
			compatibilityVersion = "Xcode 9.3";
			developmentRegion = en;
			hasScannedForEncodings = 0;
			knownRegions = (
				en,
				Base,
			);
			mainGroup = EDF496202289CCC100EC3AFF;
			productRefGroup = EDF4962A2289CCC100EC3AFF /* Products */;
			projectDirPath = "";
			projectRoot = "";
			targets = (
				EDF496282289CCC100EC3AFF /* ScrollViewImageGalleries */,
			);
		};
/* End PBXProject section */

/* Begin PBXResourcesBuildPhase section */
		EDF496272289CCC100EC3AFF /* Resources */ = {
			isa = PBXResourcesBuildPhase;
			buildActionMask = 2147483647;
			files = (
				EDF496392289CCC200EC3AFF /* LaunchScreen.storyboard in Resources */,
				EDF496362289CCC200EC3AFF /* Assets.xcassets in Resources */,
				EDF496342289CCC100EC3AFF /* Main.storyboard in Resources */,
			);
			runOnlyForDeploymentPostprocessing = 0;
		};
/* End PBXResourcesBuildPhase section */

/* Begin PBXSourcesBuildPhase section */
		EDF496252289CCC100EC3AFF /* Sources */ = {
			isa = PBXSourcesBuildPhase;
			buildActionMask = 2147483647;
			files = (
				EDF496312289CCC100EC3AFF /* ViewController.m in Sources */,
				EDF4963C2289CCC200EC3AFF /* main.m in Sources */,
				EDF4962E2289CCC100EC3AFF /* AppDelegate.m in Sources */,
			);
			runOnlyForDeploymentPostprocessing = 0;
		};
/* End PBXSourcesBuildPhase section */

/* Begin PBXVariantGroup section */
		EDF496322289CCC100EC3AFF /* Main.storyboard */ = {
			isa = PBXVariantGroup;
			children = (
				EDF496332289CCC100EC3AFF /* Base */,
			);
			name = Main.storyboard;
			sourceTree = "<group>";
		};
		EDF496372289CCC200EC3AFF /* LaunchScreen.storyboard */ = {
			isa = PBXVariantGroup;
			children = (
				EDF496382289CCC200EC3AFF /* Base */,
			);
			name = LaunchScreen.storyboard;
			sourceTree = "<group>";
		};
/* End PBXVariantGroup section */

/* Begin XCBuildConfiguration section */
		EDF4963D2289CCC200EC3AFF /* Debug */ = {
			isa = XCBuildConfiguration;
			buildSettings = {
				ALWAYS_SEARCH_USER_PATHS = NO;
				CLANG_ANALYZER_NONNULL = YES;
				CLANG_ANALYZER_NUMBER_OBJECT_CONVERSION = YES_AGGRESSIVE;
				CLANG_CXX_LANGUAGE_STANDARD = "gnu++14";
				CLANG_CXX_LIBRARY = "libc++";
				CLANG_ENABLE_MODULES = YES;
				CLANG_ENABLE_OBJC_ARC = YES;
				CLANG_ENABLE_OBJC_WEAK = YES;
				CLANG_WARN_BLOCK_CAPTURE_AUTORELEASING = YES;
				CLANG_WARN_BOOL_CONVERSION = YES;
				CLANG_WARN_COMMA = YES;
				CLANG_WARN_CONSTANT_CONVERSION = YES;
				CLANG_WARN_DEPRECATED_OBJC_IMPLEMENTATIONS = YES;
				CLANG_WARN_DIRECT_OBJC_ISA_USAGE = YES_ERROR;
				CLANG_WARN_DOCUMENTATION_COMMENTS = YES;
				CLANG_WARN_EMPTY_BODY = YES;
				CLANG_WARN_ENUM_CONVERSION = YES;
				CLANG_WARN_INFINITE_RECURSION = YES;
				CLANG_WARN_INT_CONVERSION = YES;
				CLANG_WARN_NON_LITERAL_NULL_CONVERSION = YES;
				CLANG_WARN_OBJC_IMPLICIT_RETAIN_SELF = YES;
				CLANG_WARN_OBJC_LITERAL_CONVERSION = YES;
				CLANG_WARN_OBJC_ROOT_CLASS = YES_ERROR;
				CLANG_WARN_RANGE_LOOP_ANALYSIS = YES;
				CLANG_WARN_STRICT_PROTOTYPES = YES;
				CLANG_WARN_SUSPICIOUS_MOVE = YES;
				CLANG_WARN_UNGUARDED_AVAILABILITY = YES_AGGRESSIVE;
				CLANG_WARN_UNREACHABLE_CODE = YES;
				CLANG_WARN__DUPLICATE_METHOD_MATCH = YES;
				CODE_SIGN_IDENTITY = "iPhone Developer";
				COPY_PHASE_STRIP = NO;
				DEBUG_INFORMATION_FORMAT = dwarf;
				ENABLE_STRICT_OBJC_MSGSEND = YES;
				ENABLE_TESTABILITY = YES;
				GCC_C_LANGUAGE_STANDARD = gnu11;
				GCC_DYNAMIC_NO_PIC = NO;
				GCC_NO_COMMON_BLOCKS = YES;
				GCC_OPTIMIZATION_LEVEL = 0;
				GCC_PREPROCESSOR_DEFINITIONS = (
					"DEBUG=1",
					"$(inherited)",
				);
				GCC_WARN_64_TO_32_BIT_CONVERSION = YES;
				GCC_WARN_ABOUT_RETURN_TYPE = YES_ERROR;
				GCC_WARN_UNDECLARED_SELECTOR = YES;
				GCC_WARN_UNINITIALIZED_AUTOS = YES_AGGRESSIVE;
				GCC_WARN_UNUSED_FUNCTION = YES;
				GCC_WARN_UNUSED_VARIABLE = YES;
				IPHONEOS_DEPLOYMENT_TARGET = 12.2;
				MTL_ENABLE_DEBUG_INFO = INCLUDE_SOURCE;
				MTL_FAST_MATH = YES;
				ONLY_ACTIVE_ARCH = YES;
				SDKROOT = iphoneos;
			};
			name = Debug;
		};
		EDF4963E2289CCC200EC3AFF /* Release */ = {
			isa = XCBuildConfiguration;
			buildSettings = {
				ALWAYS_SEARCH_USER_PATHS = NO;
				CLANG_ANALYZER_NONNULL = YES;
				CLANG_ANALYZER_NUMBER_OBJECT_CONVERSION = YES_AGGRESSIVE;
				CLANG_CXX_LANGUAGE_STANDARD = "gnu++14";
				CLANG_CXX_LIBRARY = "libc++";
				CLANG_ENABLE_MODULES = YES;
				CLANG_ENABLE_OBJC_ARC = YES;
				CLANG_ENABLE_OBJC_WEAK = YES;
				CLANG_WARN_BLOCK_CAPTURE_AUTORELEASING = YES;
				CLANG_WARN_BOOL_CONVERSION = YES;
				CLANG_WARN_COMMA = YES;
				CLANG_WARN_CONSTANT_CONVERSION = YES;
				CLANG_WARN_DEPRECATED_OBJC_IMPLEMENTATIONS = YES;
				CLANG_WARN_DIRECT_OBJC_ISA_USAGE = YES_ERROR;
				CLANG_WARN_DOCUMENTATION_COMMENTS = YES;
				CLANG_WARN_EMPTY_BODY = YES;
				CLANG_WARN_ENUM_CONVERSION = YES;
				CLANG_WARN_INFINITE_RECURSION = YES;
				CLANG_WARN_INT_CONVERSION = YES;
				CLANG_WARN_NON_LITERAL_NULL_CONVERSION = YES;
				CLANG_WARN_OBJC_IMPLICIT_RETAIN_SELF = YES;
				CLANG_WARN_OBJC_LITERAL_CONVERSION = YES;
				CLANG_WARN_OBJC_ROOT_CLASS = YES_ERROR;
				CLANG_WARN_RANGE_LOOP_ANALYSIS = YES;
				CLANG_WARN_STRICT_PROTOTYPES = YES;
				CLANG_WARN_SUSPICIOUS_MOVE = YES;
				CLANG_WARN_UNGUARDED_AVAILABILITY = YES_AGGRESSIVE;
				CLANG_WARN_UNREACHABLE_CODE = YES;
				CLANG_WARN__DUPLICATE_METHOD_MATCH = YES;
				CODE_SIGN_IDENTITY = "iPhone Developer";
				COPY_PHASE_STRIP = NO;
				DEBUG_INFORMATION_FORMAT = "dwarf-with-dsym";
				ENABLE_NS_ASSERTIONS = NO;
				ENABLE_STRICT_OBJC_MSGSEND = YES;
				GCC_C_LANGUAGE_STANDARD = gnu11;
				GCC_NO_COMMON_BLOCKS = YES;
				GCC_WARN_64_TO_32_BIT_CONVERSION = YES;
				GCC_WARN_ABOUT_RETURN_TYPE = YES_ERROR;
				GCC_WARN_UNDECLARED_SELECTOR = YES;
				GCC_WARN_UNINITIALIZED_AUTOS = YES_AGGRESSIVE;
				GCC_WARN_UNUSED_FUNCTION = YES;
				GCC_WARN_UNUSED_VARIABLE = YES;
				IPHONEOS_DEPLOYMENT_TARGET = 12.2;
				MTL_ENABLE_DEBUG_INFO = NO;
				MTL_FAST_MATH = YES;
				SDKROOT = iphoneos;
				VALIDATE_PRODUCT = YES;
			};
			name = Release;
		};
		EDF496402289CCC200EC3AFF /* Debug */ = {
			isa = XCBuildConfiguration;
			buildSettings = {
				ASSETCATALOG_COMPILER_APPICON_NAME = AppIcon;
				CODE_SIGN_STYLE = Automatic;
				DEVELOPMENT_TEAM = D2VZ8N8LJC;
				INFOPLIST_FILE = ScrollViewImageGalleries/Info.plist;
				LD_RUNPATH_SEARCH_PATHS = (
					"$(inherited)",
					"@executable_path/Frameworks",
				);
				PRODUCT_BUNDLE_IDENTIFIER = com.dsn.ScrollViewImageGalleries;
				PRODUCT_NAME = "$(TARGET_NAME)";
				TARGETED_DEVICE_FAMILY = "1,2";
			};
			name = Debug;
		};
		EDF496412289CCC200EC3AFF /* Release */ = {
			isa = XCBuildConfiguration;
			buildSettings = {
				ASSETCATALOG_COMPILER_APPICON_NAME = AppIcon;
				CODE_SIGN_STYLE = Automatic;
				DEVELOPMENT_TEAM = D2VZ8N8LJC;
				INFOPLIST_FILE = ScrollViewImageGalleries/Info.plist;
				LD_RUNPATH_SEARCH_PATHS = (
					"$(inherited)",
					"@executable_path/Frameworks",
				);
				PRODUCT_BUNDLE_IDENTIFIER = com.dsn.ScrollViewImageGalleries;
				PRODUCT_NAME = "$(TARGET_NAME)";
				TARGETED_DEVICE_FAMILY = "1,2";
			};
			name = Release;
		};
/* End XCBuildConfiguration section */

/* Begin XCConfigurationList section */
		EDF496242289CCC100EC3AFF /* Build configuration list for PBXProject "ScrollViewImageGalleries" */ = {
			isa = XCConfigurationList;
			buildConfigurations = (
				EDF4963D2289CCC200EC3AFF /* Debug */,
				EDF4963E2289CCC200EC3AFF /* Release */,
			);
			defaultConfigurationIsVisible = 0;
			defaultConfigurationName = Release;
		};
		EDF4963F2289CCC200EC3AFF /* Build configuration list for PBXNativeTarget "ScrollViewImageGalleries" */ = {
			isa = XCConfigurationList;
			buildConfigurations = (
				EDF496402289CCC200EC3AFF /* Debug */,
				EDF496412289CCC200EC3AFF /* Release */,
			);
			defaultConfigurationIsVisible = 0;
			defaultConfigurationName = Release;
		};
/* End XCConfigurationList section */
	};
	rootObject = EDF496212289CCC100EC3AFF /* Project object */;
}
